// !$*UTF8*$!
{
	archiveVersion = 1;
	classes = {
	};
	objectVersion = 77;
	objects = {

/* Begin PBXBuildFile section */
		033D230A69A6C07E8806BA57 /* NativeHotelMapView.swift in Sources */ = {isa = PBXBuildFile; fileRef = 4D29D726EC77FE51C2E0635E /* NativeHotelMapView.swift */; };
		10F93E2BB3B613CA7E35A190 /* libPods-HotelGuide.a in Frameworks */ = {isa = PBXBuildFile; fileRef = 14E2E44823809EEB0BA03E2F /* libPods-HotelGuide.a */; };
		1FDB9AF4B59A2D6FEFDE3170 /* HotelPreviewStore.swift in Sources */ = {isa = PBXBuildFile; fileRef = 977A313E5F8E9B3BA2310A69 /* HotelPreviewStore.swift */; };
		384B7A7562EB8E9477FA568D /* HotelGuideApp.swift in Sources */ = {isa = PBXBuildFile; fileRef = 8BB47EAC13372EB080DA6B8B /* HotelGuideApp.swift */; };
		51BF08A2876C38C9BC97DC1A /* style_extra.data in Resources */ = {isa = PBXBuildFile; fileRef = 84DBD264F397649C16A34AC7 /* style_extra.data */; };
		62C0BBD91B6C5F4E76E67434 /* WebAssets in Resources */ = {isa = PBXBuildFile; fileRef = 68DEDD4894328EC0E5399EF9 /* WebAssets */; };
		64E82DE3AE334869D23EBCEC /* NativeHotelGuideStore.swift in Sources */ = {isa = PBXBuildFile; fileRef = 2EDECA98B8094B8D46F0C3F1 /* NativeHotelGuideStore.swift */; };
		89D1F404E2B2D2D6D8B3C7EB /* NativeHotelPreview.swift in Sources */ = {isa = PBXBuildFile; fileRef = FE3E08F61BB35A58E84BFC4D /* NativeHotelPreview.swift */; };
		972136FFD15C80C11C249663 /* NativeHotelGuideView.swift in Sources */ = {isa = PBXBuildFile; fileRef = 2D7B9193C783CC5DBFC05E0D /* NativeHotelGuideView.swift */; };
		A7EF9F63E6461CEBC9967500 /* style.data in Resources */ = {isa = PBXBuildFile; fileRef = 68D8BF8AA55FD4C9D2D6A5CB /* style.data */; };
		D6F06398B5105414DF49B121 /* NativeHotelMapStore.swift in Sources */ = {isa = PBXBuildFile; fileRef = 108E8931716D0F6D8C896328 /* NativeHotelMapStore.swift */; };
/* End PBXBuildFile section */

/* Begin PBXFileReference section */
		108E8931716D0F6D8C896328 /* NativeHotelMapStore.swift */ = {isa = PBXFileReference; lastKnownFileType = sourcecode.swift; path = NativeHotelMapStore.swift; sourceTree = "<group>"; };
		14E2E44823809EEB0BA03E2F /* libPods-HotelGuide.a */ = {isa = PBXFileReference; explicitFileType = archive.ar; includeInIndex = 0; path = "libPods-HotelGuide.a"; sourceTree = BUILT_PRODUCTS_DIR; };
		24C63EBACC2CF55060092CD0 /* HotelGuide.app */ = {isa = PBXFileReference; includeInIndex = 0; lastKnownFileType = wrapper.application; path = HotelGuide.app; sourceTree = BUILT_PRODUCTS_DIR; };
		2D7B9193C783CC5DBFC05E0D /* NativeHotelGuideView.swift */ = {isa = PBXFileReference; lastKnownFileType = sourcecode.swift; path = NativeHotelGuideView.swift; sourceTree = "<group>"; };
		2EDECA98B8094B8D46F0C3F1 /* NativeHotelGuideStore.swift */ = {isa = PBXFileReference; lastKnownFileType = sourcecode.swift; path = NativeHotelGuideStore.swift; sourceTree = "<group>"; };
		4D29D726EC77FE51C2E0635E /* NativeHotelMapView.swift */ = {isa = PBXFileReference; lastKnownFileType = sourcecode.swift; path = NativeHotelMapView.swift; sourceTree = "<group>"; };
		55E54F231DD5CE30832F6860 /* Pods-HotelGuide.release.xcconfig */ = {isa = PBXFileReference; includeInIndex = 1; lastKnownFileType = text.xcconfig; name = "Pods-HotelGuide.release.xcconfig"; path = "Target Support Files/Pods-HotelGuide/Pods-HotelGuide.release.xcconfig"; sourceTree = "<group>"; };
		68D8BF8AA55FD4C9D2D6A5CB /* style.data */ = {isa = PBXFileReference; path = style.data; sourceTree = "<group>"; };
		68DEDD4894328EC0E5399EF9 /* WebAssets */ = {isa = PBXFileReference; lastKnownFileType = folder; path = WebAssets; sourceTree = SOURCE_ROOT; };
		84DBD264F397649C16A34AC7 /* style_extra.data */ = {isa = PBXFileReference; path = style_extra.data; sourceTree = "<group>"; };
		8BB47EAC13372EB080DA6B8B /* HotelGuideApp.swift */ = {isa = PBXFileReference; lastKnownFileType = sourcecode.swift; path = HotelGuideApp.swift; sourceTree = "<group>"; };
		977A313E5F8E9B3BA2310A69 /* HotelPreviewStore.swift */ = {isa = PBXFileReference; lastKnownFileType = sourcecode.swift; path = HotelPreviewStore.swift; sourceTree = "<group>"; };
		B9FF40EE939EE0B69607DFBB /* Info.plist */ = {isa = PBXFileReference; lastKnownFileType = text.plist; path = Info.plist; sourceTree = "<group>"; };
		ED98E049F56D958C9A4901FE /* Pods-HotelGuide.debug.xcconfig */ = {isa = PBXFileReference; includeInIndex = 1; lastKnownFileType = text.xcconfig; name = "Pods-HotelGuide.debug.xcconfig"; path = "Target Support Files/Pods-HotelGuide/Pods-HotelGuide.debug.xcconfig"; sourceTree = "<group>"; };
		FE3E08F61BB35A58E84BFC4D /* NativeHotelPreview.swift */ = {isa = PBXFileReference; lastKnownFileType = sourcecode.swift; path = NativeHotelPreview.swift; sourceTree = "<group>"; };
/* End PBXFileReference section */

/* Begin PBXFrameworksBuildPhase section */
		922E2CD8CD2652AC311960D2 /* Frameworks */ = {
			isa = PBXFrameworksBuildPhase;
			buildActionMask = 2147483647;
			files = (
				10F93E2BB3B613CA7E35A190 /* libPods-HotelGuide.a in Frameworks */,
			);
			runOnlyForDeploymentPostprocessing = 0;
		};
/* End PBXFrameworksBuildPhase section */

/* Begin PBXGroup section */
		00BB9848895F0A373CA54BBA /* HotelGuide */ = {
			isa = PBXGroup;
			children = (
				8BB47EAC13372EB080DA6B8B /* HotelGuideApp.swift */,
				977A313E5F8E9B3BA2310A69 /* HotelPreviewStore.swift */,
				B9FF40EE939EE0B69607DFBB /* Info.plist */,
				2EDECA98B8094B8D46F0C3F1 /* NativeHotelGuideStore.swift */,
				2D7B9193C783CC5DBFC05E0D /* NativeHotelGuideView.swift */,
				108E8931716D0F6D8C896328 /* NativeHotelMapStore.swift */,
				4D29D726EC77FE51C2E0635E /* NativeHotelMapView.swift */,
				FE3E08F61BB35A58E84BFC4D /* NativeHotelPreview.swift */,
				C0311D515181B1D7899DD5D5 /* MapStyle */,
			);
			path = HotelGuide;
			sourceTree = "<group>";
		};
		2E91F44157161F2FB0B73BF2 /* Frameworks */ = {
			isa = PBXGroup;
			children = (
				14E2E44823809EEB0BA03E2F /* libPods-HotelGuide.a */,
			);
			name = Frameworks;
			sourceTree = "<group>";
		};
		509DDC2C560875EE46E1378C = {
			isa = PBXGroup;
			children = (
				68DEDD4894328EC0E5399EF9 /* WebAssets */,
				00BB9848895F0A373CA54BBA /* HotelGuide */,
				9FD7537DB1FA31809D472BE6 /* Products */,
				92C945E58D89355A71BD1E4A /* Pods */,
				2E91F44157161F2FB0B73BF2 /* Frameworks */,
			);
			sourceTree = "<group>";
		};
		92C945E58D89355A71BD1E4A /* Pods */ = {
			isa = PBXGroup;
			children = (
				ED98E049F56D958C9A4901FE /* Pods-HotelGuide.debug.xcconfig */,
				55E54F231DD5CE30832F6860 /* Pods-HotelGuide.release.xcconfig */,
			);
			name = Pods;
			path = Pods;
			sourceTree = "<group>";
		};
		9FD7537DB1FA31809D472BE6 /* Products */ = {
			isa = PBXGroup;
			children = (
				24C63EBACC2CF55060092CD0 /* HotelGuide.app */,
			);
			name = Products;
			sourceTree = "<group>";
		};
		C0311D515181B1D7899DD5D5 /* MapStyle */ = {
			isa = PBXGroup;
			children = (
				84DBD264F397649C16A34AC7 /* style_extra.data */,
				68D8BF8AA55FD4C9D2D6A5CB /* style.data */,
			);
			path = MapStyle;
			sourceTree = "<group>";
		};
/* End PBXGroup section */

/* Begin PBXNativeTarget section */
		946AE197A6A597A2A240E353 /* HotelGuide */ = {
			isa = PBXNativeTarget;
			buildConfigurationList = 5502FB94A7FDAE5ACB7C185D /* Build configuration list for PBXNativeTarget "HotelGuide" */;
			buildPhases = (
				56C953C70192DDF5CE79A8C3 /* [CP] Check Pods Manifest.lock */,
				4C48EE5E4E360DA6FB61EF93 /* Sources */,
				341DBD8F8EBB176CEDFA5CC1 /* Resources */,
				922E2CD8CD2652AC311960D2 /* Frameworks */,
				AD762D883BF1405E10C0BF08 /* [CP] Copy Pods Resources */,
			);
			buildRules = (
			);
			dependencies = (
			);
			name = HotelGuide;
			productName = HotelGuide;
			productReference = 24C63EBACC2CF55060092CD0 /* HotelGuide.app */;
			productType = "com.apple.product-type.application";
		};
/* End PBXNativeTarget section */

/* Begin PBXProject section */
		D6DC0BA7B1A59E119E9DF97A /* Project object */ = {
			isa = PBXProject;
			attributes = {
				BuildIndependentTargetsInParallel = YES;
				LastUpgradeCheck = 1430;
				TargetAttributes = {
					946AE197A6A597A2A240E353 = {
						DevelopmentTeam = BAFB8AR23V;
						ProvisioningStyle = Automatic;
					};
				};
			};
			buildConfigurationList = B31F51BB3B51DBB0E8F5E525 /* Build configuration list for PBXProject "HotelGuide" */;
			developmentRegion = en;
			hasScannedForEncodings = 0;
			knownRegions = (
				Base,
				en,
			);
			mainGroup = 509DDC2C560875EE46E1378C;
			minimizedProjectReferenceProxies = 1;
			preferredProjectObjectVersion = 77;
			productRefGroup = 9FD7537DB1FA31809D472BE6 /* Products */;
			projectDirPath = "";
			projectRoot = "";
			targets = (
				946AE197A6A597A2A240E353 /* HotelGuide */,
			);
		};
/* End PBXProject section */

/* Begin PBXResourcesBuildPhase section */
		341DBD8F8EBB176CEDFA5CC1 /* Resources */ = {
			isa = PBXResourcesBuildPhase;
			buildActionMask = 2147483647;
			files = (
				62C0BBD91B6C5F4E76E67434 /* WebAssets in Resources */,
				A7EF9F63E6461CEBC9967500 /* style.data in Resources */,
				51BF08A2876C38C9BC97DC1A /* style_extra.data in Resources */,
			);
			runOnlyForDeploymentPostprocessing = 0;
		};
/* End PBXResourcesBuildPhase section */

/* Begin PBXShellScriptBuildPhase section */
		56C953C70192DDF5CE79A8C3 /* [CP] Check Pods Manifest.lock */ = {
			isa = PBXShellScriptBuildPhase;
			buildActionMask = 2147483647;
			files = (
			);
			inputFileListPaths = (
			);
			inputPaths = (
				"${PODS_PODFILE_DIR_PATH}/Podfile.lock",
				"${PODS_ROOT}/Manifest.lock",
			);
			name = "[CP] Check Pods Manifest.lock";
			outputFileListPaths = (
			);
			outputPaths = (
				"$(DERIVED_FILE_DIR)/Pods-HotelGuide-checkManifestLockResult.txt",
			);
			runOnlyForDeploymentPostprocessing = 0;
			shellPath = /bin/sh;
			shellScript = "diff \"${PODS_PODFILE_DIR_PATH}/Podfile.lock\" \"${PODS_ROOT}/Manifest.lock\" > /dev/null\nif [ $? != 0 ] ; then\n    # print error to STDERR\n    echo \"error: The sandbox is not in sync with the Podfile.lock. Run 'pod install' or update your CocoaPods installation.\" >&2\n    exit 1\nfi\n# This output is used by Xcode 'outputs' to avoid re-running this script phase.\necho \"SUCCESS\" > \"${SCRIPT_OUTPUT_FILE_0}\"\n";
			showEnvVarsInLog = 0;
		};
		AD762D883BF1405E10C0BF08 /* [CP] Copy Pods Resources */ = {
			isa = PBXShellScriptBuildPhase;
			buildActionMask = 2147483647;
			files = (
			);
			inputFileListPaths = (
				"${PODS_ROOT}/Target Support Files/Pods-HotelGuide/Pods-HotelGuide-resources-${CONFIGURATION}-input-files.xcfilelist",
			);
			name = "[CP] Copy Pods Resources";
			outputFileListPaths = (
				"${PODS_ROOT}/Target Support Files/Pods-HotelGuide/Pods-HotelGuide-resources-${CONFIGURATION}-output-files.xcfilelist",
			);
			runOnlyForDeploymentPostprocessing = 0;
			shellPath = /bin/sh;
			shellScript = "\"${PODS_ROOT}/Target Support Files/Pods-HotelGuide/Pods-HotelGuide-resources.sh\"\n";
			showEnvVarsInLog = 0;
		};
/* End PBXShellScriptBuildPhase section */

/* Begin PBXSourcesBuildPhase section */
		4C48EE5E4E360DA6FB61EF93 /* Sources */ = {
			isa = PBXSourcesBuildPhase;
			buildActionMask = 2147483647;
			files = (
				384B7A7562EB8E9477FA568D /* HotelGuideApp.swift in Sources */,
				1FDB9AF4B59A2D6FEFDE3170 /* HotelPreviewStore.swift in Sources */,
				64E82DE3AE334869D23EBCEC /* NativeHotelGuideStore.swift in Sources */,
				972136FFD15C80C11C249663 /* NativeHotelGuideView.swift in Sources */,
				D6F06398B5105414DF49B121 /* NativeHotelMapStore.swift in Sources */,
				033D230A69A6C07E8806BA57 /* NativeHotelMapView.swift in Sources */,
				89D1F404E2B2D2D6D8B3C7EB /* NativeHotelPreview.swift in Sources */,
			);
			runOnlyForDeploymentPostprocessing = 0;
		};
/* End PBXSourcesBuildPhase section */

/* Begin XCBuildConfiguration section */
		5D8C2450875D593B67006E61 /* Release */ = {
			isa = XCBuildConfiguration;
			buildSettings = {
				ALWAYS_SEARCH_USER_PATHS = NO;
				CLANG_ANALYZER_NONNULL = YES;
				CLANG_ANALYZER_NUMBER_OBJECT_CONVERSION = YES_AGGRESSIVE;
				CLANG_CXX_LANGUAGE_STANDARD = "gnu++14";
				CLANG_CXX_LIBRARY = "libc++";
				CLANG_ENABLE_MODULES = YES;
				CLANG_ENABLE_OBJC_ARC = YES;
				CLANG_ENABLE_OBJC_WEAK = YES;
				CLANG_WARN_BLOCK_CAPTURE_AUTORELEASING = YES;
				CLANG_WARN_BOOL_CONVERSION = YES;
				CLANG_WARN_COMMA = YES;
				CLANG_WARN_CONSTANT_CONVERSION = YES;
				CLANG_WARN_DEPRECATED_OBJC_IMPLEMENTATIONS = YES;
				CLANG_WARN_DIRECT_OBJC_ISA_USAGE = YES_ERROR;
				CLANG_WARN_DOCUMENTATION_COMMENTS = YES;
				CLANG_WARN_EMPTY_BODY = YES;
				CLANG_WARN_ENUM_CONVERSION = YES;
				CLANG_WARN_INFINITE_RECURSION = YES;
				CLANG_WARN_INT_CONVERSION = YES;
				CLANG_WARN_NON_LITERAL_NULL_CONVERSION = YES;
				CLANG_WARN_OBJC_IMPLICIT_RETAIN_SELF = YES;
				CLANG_WARN_OBJC_LITERAL_CONVERSION = YES;
				CLANG_WARN_OBJC_ROOT_CLASS = YES_ERROR;
				CLANG_WARN_QUOTED_INCLUDE_IN_FRAMEWORK_HEADER = YES;
				CLANG_WARN_RANGE_LOOP_ANALYSIS = YES;
				CLANG_WARN_STRICT_PROTOTYPES = YES;
				CLANG_WARN_SUSPICIOUS_MOVE = YES;
				CLANG_WARN_UNGUARDED_AVAILABILITY = YES_AGGRESSIVE;
				CLANG_WARN_UNREACHABLE_CODE = YES;
				CLANG_WARN__DUPLICATE_METHOD_MATCH = YES;
				CODE_SIGN_STYLE = Automatic;
				COPY_PHASE_STRIP = NO;
				DEBUG_INFORMATION_FORMAT = "dwarf-with-dsym";
				DEVELOPMENT_TEAM = BAFB8AR23V;
				ENABLE_NS_ASSERTIONS = NO;
				ENABLE_STRICT_OBJC_MSGSEND = YES;
				GCC_C_LANGUAGE_STANDARD = gnu11;
				GCC_NO_COMMON_BLOCKS = YES;
				GCC_WARN_64_TO_32_BIT_CONVERSION = YES;
				GCC_WARN_ABOUT_RETURN_TYPE = YES_ERROR;
				GCC_WARN_UNDECLARED_SELECTOR = YES;
				GCC_WARN_UNINITIALIZED_AUTOS = YES_AGGRESSIVE;
				GCC_WARN_UNUSED_FUNCTION = YES;
				GCC_WARN_UNUSED_VARIABLE = YES;
				MTL_ENABLE_DEBUG_INFO = NO;
				MTL_FAST_MATH = YES;
				PRODUCT_NAME = "$(TARGET_NAME)";
				SDKROOT = iphoneos;
				SWIFT_COMPILATION_MODE = wholemodule;
				SWIFT_OPTIMIZATION_LEVEL = "-O";
				SWIFT_VERSION = 5.0;
			};
			name = Release;
		};
		739A620D79DFBFF169F7675C /* Debug */ = {
			isa = XCBuildConfiguration;
			baseConfigurationReference = ED98E049F56D958C9A4901FE /* Pods-HotelGuide.debug.xcconfig */;
			buildSettings = {
				ASSETCATALOG_COMPILER_APPICON_NAME = AppIcon;
				CODE_SIGN_IDENTITY = "iPhone Developer";
				INFOPLIST_FILE = HotelGuide/Info.plist;
				IPHONEOS_DEPLOYMENT_TARGET = 17.0;
				LD_RUNPATH_SEARCH_PATHS = (
					"$(inherited)",
					"@executable_path/Frameworks",
				);
				PRODUCT_BUNDLE_IDENTIFIER = world.zjz.HotelGuide;
				SDKROOT = iphoneos;
				SUPPORTS_MACCATALYST = NO;
				TARGETED_DEVICE_FAMILY = 1;
			};
			name = Debug;
		};
		B545A074E75343857A0ABEB6 /* Debug */ = {
			isa = XCBuildConfiguration;
			buildSettings = {
				ALWAYS_SEARCH_USER_PATHS = NO;
				CLANG_ANALYZER_NONNULL = YES;
				CLANG_ANALYZER_NUMBER_OBJECT_CONVERSION = YES_AGGRESSIVE;
				CLANG_CXX_LANGUAGE_STANDARD = "gnu++14";
				CLANG_CXX_LIBRARY = "libc++";
				CLANG_ENABLE_MODULES = YES;
				CLANG_ENABLE_OBJC_ARC = YES;
				CLANG_ENABLE_OBJC_WEAK = YES;
				CLANG_WARN_BLOCK_CAPTURE_AUTORELEASING = YES;
				CLANG_WARN_BOOL_CONVERSION = YES;
				CLANG_WARN_COMMA = YES;
				CLANG_WARN_CONSTANT_CONVERSION = YES;
				CLANG_WARN_DEPRECATED_OBJC_IMPLEMENTATIONS = YES;
				CLANG_WARN_DIRECT_OBJC_ISA_USAGE = YES_ERROR;
				CLANG_WARN_DOCUMENTATION_COMMENTS = YES;
				CLANG_WARN_EMPTY_BODY = YES;
				CLANG_WARN_ENUM_CONVERSION = YES;
				CLANG_WARN_INFINITE_RECURSION = YES;
				CLANG_WARN_INT_CONVERSION = YES;
				CLANG_WARN_NON_LITERAL_NULL_CONVERSION = YES;
				CLANG_WARN_OBJC_IMPLICIT_RETAIN_SELF = YES;
				CLANG_WARN_OBJC_LITERAL_CONVERSION = YES;
				CLANG_WARN_OBJC_ROOT_CLASS = YES_ERROR;
				CLANG_WARN_QUOTED_INCLUDE_IN_FRAMEWORK_HEADER = YES;
				CLANG_WARN_RANGE_LOOP_ANALYSIS = YES;
				CLANG_WARN_STRICT_PROTOTYPES = YES;
				CLANG_WARN_SUSPICIOUS_MOVE = YES;
				CLANG_WARN_UNGUARDED_AVAILABILITY = YES_AGGRESSIVE;
				CLANG_WARN_UNREACHABLE_CODE = YES;
				CLANG_WARN__DUPLICATE_METHOD_MATCH = YES;
				CODE_SIGN_STYLE = Automatic;
				COPY_PHASE_STRIP = NO;
				DEBUG_INFORMATION_FORMAT = dwarf;
				DEVELOPMENT_TEAM = BAFB8AR23V;
				ENABLE_STRICT_OBJC_MSGSEND = YES;
				ENABLE_TESTABILITY = YES;
				GCC_C_LANGUAGE_STANDARD = gnu11;
				GCC_DYNAMIC_NO_PIC = NO;
				GCC_NO_COMMON_BLOCKS = YES;
				GCC_OPTIMIZATION_LEVEL = 0;
				GCC_PREPROCESSOR_DEFINITIONS = (
					"$(inherited)",
					"DEBUG=1",
				);
				GCC_WARN_64_TO_32_BIT_CONVERSION = YES;
				GCC_WARN_ABOUT_RETURN_TYPE = YES_ERROR;
				GCC_WARN_UNDECLARED_SELECTOR = YES;
				GCC_WARN_UNINITIALIZED_AUTOS = YES_AGGRESSIVE;
				GCC_WARN_UNUSED_FUNCTION = YES;
				GCC_WARN_UNUSED_VARIABLE = YES;
				MTL_ENABLE_DEBUG_INFO = INCLUDE_SOURCE;
				MTL_FAST_MATH = YES;
				ONLY_ACTIVE_ARCH = YES;
				PRODUCT_NAME = "$(TARGET_NAME)";
				SDKROOT = iphoneos;
				SWIFT_ACTIVE_COMPILATION_CONDITIONS = DEBUG;
				SWIFT_OPTIMIZATION_LEVEL = "-Onone";
				SWIFT_VERSION = 5.0;
			};
			name = Debug;
		};
		C0D3FCFAAF6D924DEF6CE1E9 /* Release */ = {
			isa = XCBuildConfiguration;
			baseConfigurationReference = 55E54F231DD5CE30832F6860 /* Pods-HotelGuide.release.xcconfig */;
			buildSettings = {
				ASSETCATALOG_COMPILER_APPICON_NAME = AppIcon;
				CODE_SIGN_IDENTITY = "iPhone Developer";
				INFOPLIST_FILE = HotelGuide/Info.plist;
				IPHONEOS_DEPLOYMENT_TARGET = 17.0;
				LD_RUNPATH_SEARCH_PATHS = (
					"$(inherited)",
					"@executable_path/Frameworks",
				);
				PRODUCT_BUNDLE_IDENTIFIER = world.zjz.HotelGuide;
				SDKROOT = iphoneos;
				SUPPORTS_MACCATALYST = NO;
				TARGETED_DEVICE_FAMILY = 1;
			};
			name = Release;
		};
/* End XCBuildConfiguration section */

/* Begin XCConfigurationList section */
		5502FB94A7FDAE5ACB7C185D /* Build configuration list for PBXNativeTarget "HotelGuide" */ = {
			isa = XCConfigurationList;
			buildConfigurations = (
				739A620D79DFBFF169F7675C /* Debug */,
				C0D3FCFAAF6D924DEF6CE1E9 /* Release */,
			);
			defaultConfigurationIsVisible = 0;
			defaultConfigurationName = Debug;
		};
		B31F51BB3B51DBB0E8F5E525 /* Build configuration list for PBXProject "HotelGuide" */ = {
			isa = XCConfigurationList;
			buildConfigurations = (
				B545A074E75343857A0ABEB6 /* Debug */,
				5D8C2450875D593B67006E61 /* Release */,
			);
			defaultConfigurationIsVisible = 0;
			defaultConfigurationName = Debug;
		};
/* End XCConfigurationList section */
	};
	rootObject = D6DC0BA7B1A59E119E9DF97A /* Project object */;
}
