// !$*UTF8*$!
{
	archiveVersion = 1;
	classes = {
	};
	objectVersion = 77;
	objects = {

/* Begin PBXBuildFile section */
		1FDB9AF4B59A2D6FEFDE3170 /* HotelPreviewStore.swift in Sources */ = {isa = PBXBuildFile; fileRef = 977A313E5F8E9B3BA2310A69 /* HotelPreviewStore.swift */; };
		384B7A7562EB8E9477FA568D /* HotelGuideApp.swift in Sources */ = {isa = PBXBuildFile; fileRef = 8BB47EAC13372EB080DA6B8B /* HotelGuideApp.swift */; };
		62C0BBD91B6C5F4E76E67434 /* WebAssets in Resources */ = {isa = PBXBuildFile; fileRef = 68DEDD4894328EC0E5399EF9 /* WebAssets */; };
		89D1F404E2B2D2D6D8B3C7EB /* NativeHotelPreview.swift in Sources */ = {isa = PBXBuildFile; fileRef = FE3E08F61BB35A58E84BFC4D /* NativeHotelPreview.swift */; };
		89D292A98D8E1ECC65A1A789 /* HotelGuideWebView.swift in Sources */ = {isa = PBXBuildFile; fileRef = E2F31DD07525399D5D0532D1 /* HotelGuideWebView.swift */; };
		E393F86DC712D49A27CC2F52 /* HotelGuideSchemeHandler.swift in Sources */ = {isa = PBXBuildFile; fileRef = 614089A0C6EBFE4A36562C7F /* HotelGuideSchemeHandler.swift */; };
/* End PBXBuildFile section */

/* Begin PBXFileReference section */
		24C63EBACC2CF55060092CD0 /* HotelGuide.app */ = {isa = PBXFileReference; includeInIndex = 0; lastKnownFileType = wrapper.application; path = HotelGuide.app; sourceTree = BUILT_PRODUCTS_DIR; };
		614089A0C6EBFE4A36562C7F /* HotelGuideSchemeHandler.swift */ = {isa = PBXFileReference; lastKnownFileType = sourcecode.swift; path = HotelGuideSchemeHandler.swift; sourceTree = "<group>"; };
		68DEDD4894328EC0E5399EF9 /* WebAssets */ = {isa = PBXFileReference; lastKnownFileType = folder; path = WebAssets; sourceTree = SOURCE_ROOT; };
		8BB47EAC13372EB080DA6B8B /* HotelGuideApp.swift */ = {isa = PBXFileReference; lastKnownFileType = sourcecode.swift; path = HotelGuideApp.swift; sourceTree = "<group>"; };
		977A313E5F8E9B3BA2310A69 /* HotelPreviewStore.swift */ = {isa = PBXFileReference; lastKnownFileType = sourcecode.swift; path = HotelPreviewStore.swift; sourceTree = "<group>"; };
		B9FF40EE939EE0B69607DFBB /* Info.plist */ = {isa = PBXFileReference; lastKnownFileType = text.plist; path = Info.plist; sourceTree = "<group>"; };
		E2F31DD07525399D5D0532D1 /* HotelGuideWebView.swift */ = {isa = PBXFileReference; lastKnownFileType = sourcecode.swift; path = HotelGuideWebView.swift; sourceTree = "<group>"; };
		FE3E08F61BB35A58E84BFC4D /* NativeHotelPreview.swift */ = {isa = PBXFileReference; lastKnownFileType = sourcecode.swift; path = NativeHotelPreview.swift; sourceTree = "<group>"; };
/* End PBXFileReference section */

/* Begin PBXGroup section */
		00BB9848895F0A373CA54BBA /* HotelGuide */ = {
			isa = PBXGroup;
			children = (
				8BB47EAC13372EB080DA6B8B /* HotelGuideApp.swift */,
				614089A0C6EBFE4A36562C7F /* HotelGuideSchemeHandler.swift */,
				E2F31DD07525399D5D0532D1 /* HotelGuideWebView.swift */,
				977A313E5F8E9B3BA2310A69 /* HotelPreviewStore.swift */,
				B9FF40EE939EE0B69607DFBB /* Info.plist */,
				FE3E08F61BB35A58E84BFC4D /* NativeHotelPreview.swift */,
			);
			path = HotelGuide;
			sourceTree = "<group>";
		};
		509DDC2C560875EE46E1378C = {
			isa = PBXGroup;
			children = (
				68DEDD4894328EC0E5399EF9 /* WebAssets */,
				00BB9848895F0A373CA54BBA /* HotelGuide */,
				9FD7537DB1FA31809D472BE6 /* Products */,
			);
			sourceTree = "<group>";
		};
		9FD7537DB1FA31809D472BE6 /* Products */ = {
			isa = PBXGroup;
			children = (
				24C63EBACC2CF55060092CD0 /* HotelGuide.app */,
			);
			name = Products;
			sourceTree = "<group>";
		};
/* End PBXGroup section */

/* Begin PBXNativeTarget section */
		946AE197A6A597A2A240E353 /* HotelGuide */ = {
			isa = PBXNativeTarget;
			buildConfigurationList = 5502FB94A7FDAE5ACB7C185D /* Build configuration list for PBXNativeTarget "HotelGuide" */;
			buildPhases = (
				4C48EE5E4E360DA6FB61EF93 /* Sources */,
				341DBD8F8EBB176CEDFA5CC1 /* Resources */,
			);
			buildRules = (
			);
			dependencies = (
			);
			name = HotelGuide;
			packageProductDependencies = (
			);
			productName = HotelGuide;
			productReference = 24C63EBACC2CF55060092CD0 /* HotelGuide.app */;
			productType = "com.apple.product-type.application";
		};
/* End PBXNativeTarget section */

/* Begin PBXProject section */
		D6DC0BA7B1A59E119E9DF97A /* Project object */ = {
			isa = PBXProject;
			attributes = {
				BuildIndependentTargetsInParallel = YES;
				LastUpgradeCheck = 1430;
				TargetAttributes = {
					946AE197A6A597A2A240E353 = {
						DevelopmentTeam = BAFB8AR23V;
						ProvisioningStyle = Automatic;
					};
				};
			};
			buildConfigurationList = B31F51BB3B51DBB0E8F5E525 /* Build configuration list for PBXProject "HotelGuide" */;
			developmentRegion = en;
			hasScannedForEncodings = 0;
			knownRegions = (
				Base,
				en,
			);
			mainGroup = 509DDC2C560875EE46E1378C;
			minimizedProjectReferenceProxies = 1;
			preferredProjectObjectVersion = 77;
			productRefGroup = 9FD7537DB1FA31809D472BE6 /* Products */;
			projectDirPath = "";
			projectRoot = "";
			targets = (
				946AE197A6A597A2A240E353 /* HotelGuide */,
			);
		};
/* End PBXProject section */

/* Begin PBXResourcesBuildPhase section */
		341DBD8F8EBB176CEDFA5CC1 /* Resources */ = {
			isa = PBXResourcesBuildPhase;
			buildActionMask = 2147483647;
			files = (
				62C0BBD91B6C5F4E76E67434 /* WebAssets in Resources */,
			);
			runOnlyForDeploymentPostprocessing = 0;
		};
/* End PBXResourcesBuildPhase section */

/* Begin PBXSourcesBuildPhase section */
		4C48EE5E4E360DA6FB61EF93 /* Sources */ = {
			isa = PBXSourcesBuildPhase;
			buildActionMask = 2147483647;
			files = (
				384B7A7562EB8E9477FA568D /* HotelGuideApp.swift in Sources */,
				E393F86DC712D49A27CC2F52 /* HotelGuideSchemeHandler.swift in Sources */,
				89D292A98D8E1ECC65A1A789 /* HotelGuideWebView.swift in Sources */,
				1FDB9AF4B59A2D6FEFDE3170 /* HotelPreviewStore.swift in Sources */,
				89D1F404E2B2D2D6D8B3C7EB /* NativeHotelPreview.swift in Sources */,
			);
			runOnlyForDeploymentPostprocessing = 0;
		};
/* End PBXSourcesBuildPhase section */

/* Begin XCBuildConfiguration section */
		5D8C2450875D593B67006E61 /* Release */ = {
			isa = XCBuildConfiguration;
			buildSettings = {
				ALWAYS_SEARCH_USER_PATHS = NO;
				CLANG_ANALYZER_NONNULL = YES;
				CLANG_ANALYZER_NUMBER_OBJECT_CONVERSION = YES_AGGRESSIVE;
				CLANG_CXX_LANGUAGE_STANDARD = "gnu++14";
				CLANG_CXX_LIBRARY = "libc++";
				CLANG_ENABLE_MODULES = YES;
				CLANG_ENABLE_OBJC_ARC = YES;
				CLANG_ENABLE_OBJC_WEAK = YES;
				CLANG_WARN_BLOCK_CAPTURE_AUTORELEASING = YES;
				CLANG_WARN_BOOL_CONVERSION = YES;
				CLANG_WARN_COMMA = YES;
				CLANG_WARN_CONSTANT_CONVERSION = YES;
				CLANG_WARN_DEPRECATED_OBJC_IMPLEMENTATIONS = YES;
				CLANG_WARN_DIRECT_OBJC_ISA_USAGE = YES_ERROR;
				CLANG_WARN_DOCUMENTATION_COMMENTS = YES;
				CLANG_WARN_EMPTY_BODY = YES;
				CLANG_WARN_ENUM_CONVERSION = YES;
				CLANG_WARN_INFINITE_RECURSION = YES;
				CLANG_WARN_INT_CONVERSION = YES;
				CLANG_WARN_NON_LITERAL_NULL_CONVERSION = YES;
				CLANG_WARN_OBJC_IMPLICIT_RETAIN_SELF = YES;
				CLANG_WARN_OBJC_LITERAL_CONVERSION = YES;
				CLANG_WARN_OBJC_ROOT_CLASS = YES_ERROR;
				CLANG_WARN_QUOTED_INCLUDE_IN_FRAMEWORK_HEADER = YES;
				CLANG_WARN_RANGE_LOOP_ANALYSIS = YES;
				CLANG_WARN_STRICT_PROTOTYPES = YES;
				CLANG_WARN_SUSPICIOUS_MOVE = YES;
				CLANG_WARN_UNGUARDED_AVAILABILITY = YES_AGGRESSIVE;
				CLANG_WARN_UNREACHABLE_CODE = YES;
				CLANG_WARN__DUPLICATE_METHOD_MATCH = YES;
				CODE_SIGN_STYLE = Automatic;
				COPY_PHASE_STRIP = NO;
				DEBUG_INFORMATION_FORMAT = "dwarf-with-dsym";
				DEVELOPMENT_TEAM = BAFB8AR23V;
				ENABLE_NS_ASSERTIONS = NO;
				ENABLE_STRICT_OBJC_MSGSEND = YES;
				GCC_C_LANGUAGE_STANDARD = gnu11;
				GCC_NO_COMMON_BLOCKS = YES;
				GCC_WARN_64_TO_32_BIT_CONVERSION = YES;
				GCC_WARN_ABOUT_RETURN_TYPE = YES_ERROR;
				GCC_WARN_UNDECLARED_SELECTOR = YES;
				GCC_WARN_UNINITIALIZED_AUTOS = YES_AGGRESSIVE;
				GCC_WARN_UNUSED_FUNCTION = YES;
				GCC_WARN_UNUSED_VARIABLE = YES;
				MTL_ENABLE_DEBUG_INFO = NO;
				MTL_FAST_MATH = YES;
				PRODUCT_NAME = "$(TARGET_NAME)";
				SDKROOT = iphoneos;
				SWIFT_COMPILATION_MODE = wholemodule;
				SWIFT_OPTIMIZATION_LEVEL = "-O";
				SWIFT_VERSION = 5.0;
			};
			name = Release;
		};
		739A620D79DFBFF169F7675C /* Debug */ = {
			isa = XCBuildConfiguration;
			buildSettings = {
				ASSETCATALOG_COMPILER_APPICON_NAME = AppIcon;
				CODE_SIGN_IDENTITY = "iPhone Developer";
				INFOPLIST_FILE = HotelGuide/Info.plist;
				IPHONEOS_DEPLOYMENT_TARGET = 17.0;
				LD_RUNPATH_SEARCH_PATHS = (
					"$(inherited)",
					"@executable_path/Frameworks",
				);
				PRODUCT_BUNDLE_IDENTIFIER = world.zjz.HotelGuide;
				SDKROOT = iphoneos;
				SUPPORTS_MACCATALYST = NO;
				TARGETED_DEVICE_FAMILY = 1;
			};
			name = Debug;
		};
		B545A074E75343857A0ABEB6 /* Debug */ = {
			isa = XCBuildConfiguration;
			buildSettings = {
				ALWAYS_SEARCH_USER_PATHS = NO;
				CLANG_ANALYZER_NONNULL = YES;
				CLANG_ANALYZER_NUMBER_OBJECT_CONVERSION = YES_AGGRESSIVE;
				CLANG_CXX_LANGUAGE_STANDARD = "gnu++14";
				CLANG_CXX_LIBRARY = "libc++";
				CLANG_ENABLE_MODULES = YES;
				CLANG_ENABLE_OBJC_ARC = YES;
				CLANG_ENABLE_OBJC_WEAK = YES;
				CLANG_WARN_BLOCK_CAPTURE_AUTORELEASING = YES;
				CLANG_WARN_BOOL_CONVERSION = YES;
				CLANG_WARN_COMMA = YES;
				CLANG_WARN_CONSTANT_CONVERSION = YES;
				CLANG_WARN_DEPRECATED_OBJC_IMPLEMENTATIONS = YES;
				CLANG_WARN_DIRECT_OBJC_ISA_USAGE = YES_ERROR;
				CLANG_WARN_DOCUMENTATION_COMMENTS = YES;
				CLANG_WARN_EMPTY_BODY = YES;
				CLANG_WARN_ENUM_CONVERSION = YES;
				CLANG_WARN_INFINITE_RECURSION = YES;
				CLANG_WARN_INT_CONVERSION = YES;
				CLANG_WARN_NON_LITERAL_NULL_CONVERSION = YES;
				CLANG_WARN_OBJC_IMPLICIT_RETAIN_SELF = YES;
				CLANG_WARN_OBJC_LITERAL_CONVERSION = YES;
				CLANG_WARN_OBJC_ROOT_CLASS = YES_ERROR;
				CLANG_WARN_QUOTED_INCLUDE_IN_FRAMEWORK_HEADER = YES;
				CLANG_WARN_RANGE_LOOP_ANALYSIS = YES;
				CLANG_WARN_STRICT_PROTOTYPES = YES;
				CLANG_WARN_SUSPICIOUS_MOVE = YES;
				CLANG_WARN_UNGUARDED_AVAILABILITY = YES_AGGRESSIVE;
				CLANG_WARN_UNREACHABLE_CODE = YES;
				CLANG_WARN__DUPLICATE_METHOD_MATCH = YES;
				CODE_SIGN_STYLE = Automatic;
				COPY_PHASE_STRIP = NO;
				DEBUG_INFORMATION_FORMAT = dwarf;
				DEVELOPMENT_TEAM = BAFB8AR23V;
				ENABLE_STRICT_OBJC_MSGSEND = YES;
				ENABLE_TESTABILITY = YES;
				GCC_C_LANGUAGE_STANDARD = gnu11;
				GCC_DYNAMIC_NO_PIC = NO;
				GCC_NO_COMMON_BLOCKS = YES;
				GCC_OPTIMIZATION_LEVEL = 0;
				GCC_PREPROCESSOR_DEFINITIONS = (
					"$(inherited)",
					"DEBUG=1",
				);
				GCC_WARN_64_TO_32_BIT_CONVERSION = YES;
				GCC_WARN_ABOUT_RETURN_TYPE = YES_ERROR;
				GCC_WARN_UNDECLARED_SELECTOR = YES;
				GCC_WARN_UNINITIALIZED_AUTOS = YES_AGGRESSIVE;
				GCC_WARN_UNUSED_FUNCTION = YES;
				GCC_WARN_UNUSED_VARIABLE = YES;
				MTL_ENABLE_DEBUG_INFO = INCLUDE_SOURCE;
				MTL_FAST_MATH = YES;
				ONLY_ACTIVE_ARCH = YES;
				PRODUCT_NAME = "$(TARGET_NAME)";
				SDKROOT = iphoneos;
				SWIFT_ACTIVE_COMPILATION_CONDITIONS = DEBUG;
				SWIFT_OPTIMIZATION_LEVEL = "-Onone";
				SWIFT_VERSION = 5.0;
			};
			name = Debug;
		};
		C0D3FCFAAF6D924DEF6CE1E9 /* Release */ = {
			isa = XCBuildConfiguration;
			buildSettings = {
				ASSETCATALOG_COMPILER_APPICON_NAME = AppIcon;
				CODE_SIGN_IDENTITY = "iPhone Developer";
				INFOPLIST_FILE = HotelGuide/Info.plist;
				IPHONEOS_DEPLOYMENT_TARGET = 17.0;
				LD_RUNPATH_SEARCH_PATHS = (
					"$(inherited)",
					"@executable_path/Frameworks",
				);
				PRODUCT_BUNDLE_IDENTIFIER = world.zjz.HotelGuide;
				SDKROOT = iphoneos;
				SUPPORTS_MACCATALYST = NO;
				TARGETED_DEVICE_FAMILY = 1;
			};
			name = Release;
		};
/* End XCBuildConfiguration section */

/* Begin XCConfigurationList section */
		5502FB94A7FDAE5ACB7C185D /* Build configuration list for PBXNativeTarget "HotelGuide" */ = {
			isa = XCConfigurationList;
			buildConfigurations = (
				739A620D79DFBFF169F7675C /* Debug */,
				C0D3FCFAAF6D924DEF6CE1E9 /* Release */,
			);
			defaultConfigurationIsVisible = 0;
			defaultConfigurationName = Debug;
		};
		B31F51BB3B51DBB0E8F5E525 /* Build configuration list for PBXProject "HotelGuide" */ = {
			isa = XCConfigurationList;
			buildConfigurations = (
				B545A074E75343857A0ABEB6 /* Debug */,
				5D8C2450875D593B67006E61 /* Release */,
			);
			defaultConfigurationIsVisible = 0;
			defaultConfigurationName = Debug;
		};
/* End XCConfigurationList section */
	};
	rootObject = D6DC0BA7B1A59E119E9DF97A /* Project object */;
}
